
Microsoft Visual Studio Solution File, Format Version 12.00
# Visual Studio Version 17
VisualStudioVersion = 17.0.31903.59
MinimumVisualStudioVersion = 10.0.40219.1
Project("{FAE04EC0-301F-11D3-BF4B-00C04F79EFBC}") = "Experiments.Application", "Experiments.Application\Experiments.Application.csproj", "{8A0BE785-AA09-4A38-B35A-593DADF80E5F}"
EndProject
Project("{FAE04EC0-301F-11D3-BF4B-00C04F79EFBC}") = "Experiments.Domain", "Experiments.Domain\Experiments.Domain.csproj", "{38CE70B8-39F5-4DC3-B38D-5696856A1F0E}"
EndProject
Project("{FAE04EC0-301F-11D3-BF4B-00C04F79EFBC}") = "Experiments.Infrastructure", "Experiments.Infrastructure\Experiments.Infrastructure.csproj", "{14A0CB8C-C2BE-40D4-BF21-ACE2D7F336E7}"
EndProject
Global
	GlobalSection(SolutionConfigurationPlatforms) = preSolution
		Debug|Any CPU = Debug|Any CPU
		Release|Any CPU = Release|Any CPU
	EndGlobalSection
	GlobalSection(SolutionProperties) = preSolution
		HideSolutionNode = FALSE
	EndGlobalSection
	GlobalSection(ProjectConfigurationPlatforms) = postSolution
		{8A0BE785-AA09-4A38-B35A-593DADF80E5F}.Debug|Any CPU.ActiveCfg = Debug|Any CPU
		{8A0BE785-AA09-4A38-B35A-593DADF80E5F}.Debug|Any CPU.Build.0 = Debug|Any CPU
		{8A0BE785-AA09-4A38-B35A-593DADF80E5F}.Release|Any CPU.ActiveCfg = Release|Any CPU
		{8A0BE785-AA09-4A38-B35A-593DADF80E5F}.Release|Any CPU.Build.0 = Release|Any CPU
		{38CE70B8-39F5-4DC3-B38D-5696856A1F0E}.Debug|Any CPU.ActiveCfg = Debug|Any CPU
		{38CE70B8-39F5-4DC3-B38D-5696856A1F0E}.Debug|Any CPU.Build.0 = Debug|Any CPU
		{38CE70B8-39F5-4DC3-B38D-5696856A1F0E}.Release|Any CPU.ActiveCfg = Release|Any CPU
		{38CE70B8-39F5-4DC3-B38D-5696856A1F0E}.Release|Any CPU.Build.0 = Release|Any CPU
		{14A0CB8C-C2BE-40D4-BF21-ACE2D7F336E7}.Debug|Any CPU.ActiveCfg = Debug|Any CPU
		{14A0CB8C-C2BE-40D4-BF21-ACE2D7F336E7}.Debug|Any CPU.Build.0 = Debug|Any CPU
		{14A0CB8C-C2BE-40D4-BF21-ACE2D7F336E7}.Release|Any CPU.ActiveCfg = Release|Any CPU
		{14A0CB8C-C2BE-40D4-BF21-ACE2D7F336E7}.Release|Any CPU.Build.0 = Release|Any CPU
	EndGlobalSection
EndGlobal
